
Microsoft Visual Studio Solution File, Format Version 12.00
# Visual Studio 14
VisualStudioVersion = 14.0.24720.0
MinimumVisualStudioVersion = 10.0.40219.1
Project("{FAE04EC0-301F-11D3-BF4B-00C04F79EFBC}") = "ChatRoom", "ChatRoom\ChatRoom.csproj", "{8A38A501-C9D2-46BC-BAD6-C34C5A498757}"
EndProject
Project("{FAE04EC0-301F-11D3-BF4B-00C04F79EFBC}") = "ChatRoom.Entity", "ChatRoom.Entity\ChatRoom.Entity.csproj", "{F9F588B4-E90A-4209-8884-77CC4A3F2619}"
EndProject
Global
	GlobalSection(SolutionConfigurationPlatforms) = preSolution
		Debug|Any CPU = Debug|Any CPU
		Release|Any CPU = Release|Any CPU
	EndGlobalSection
	GlobalSection(ProjectConfigurationPlatforms) = postSolution
		{8A38A501-C9D2-46BC-BAD6-C34C5A498757}.Debug|Any CPU.ActiveCfg = Debug|Any CPU
		{8A38A501-C9D2-46BC-BAD6-C34C5A498757}.Debug|Any CPU.Build.0 = Debug|Any CPU
		{8A38A501-C9D2-46BC-BAD6-C34C5A498757}.Release|Any CPU.ActiveCfg = Release|Any CPU
		{8A38A501-C9D2-46BC-BAD6-C34C5A498757}.Release|Any CPU.Build.0 = Release|Any CPU
		{F9F588B4-E90A-4209-8884-77CC4A3F2619}.Debug|Any CPU.ActiveCfg = Debug|Any CPU
		{F9F588B4-E90A-4209-8884-77CC4A3F2619}.Debug|Any CPU.Build.0 = Debug|Any CPU
		{F9F588B4-E90A-4209-8884-77CC4A3F2619}.Release|Any CPU.ActiveCfg = Release|Any CPU
		{F9F588B4-E90A-4209-8884-77CC4A3F2619}.Release|Any CPU.Build.0 = Release|Any CPU
	EndGlobalSection
	GlobalSection(SolutionProperties) = preSolution
		HideSolutionNode = FALSE
	EndGlobalSection
EndGlobal
